
Microsoft Visual Studio Solution File, Format Version 12.00
# Visual Studio Version 17
VisualStudioVersion = 17.0.32014.148
MinimumVisualStudioVersion = 10.0.40219.1
Project("{9A19103F-16F7-4668-BE54-9A1E7A4F7556}") = "Client", "Client\Client.csproj", "{07144FCD-735A-402E-A395-BCF43C44AFDE}"
EndProject
Project("{9A19103F-16F7-4668-BE54-9A1E7A4F7556}") = "AElf.Client", "AElf.Client\AElf.Client.csproj", "{91D87FF7-AEC1-4652-AF3C-306CA80EE02E}"
EndProject
Project("{2150E333-8FDC-42A3-9474-1A3956D46DE8}") = "AELF", "AELF", "{60913538-EBD5-48C1-95AF-B85D4F7978EB}"
EndProject
Project("{2150E333-8FDC-42A3-9474-1A3956D46DE8}") = "Portal", "Portal", "{88A2B2BB-5E06-4192-895D-371C18E2BF68}"
EndProject
Project("{9A19103F-16F7-4668-BE54-9A1E7A4F7556}") = "Client.Infrastructure", "Client.Infrastructure\Client.Infrastructure.csproj", "{44AA7D03-F933-4BA4-B7E1-F386CD2029A2}"
EndProject
Global
	GlobalSection(SolutionConfigurationPlatforms) = preSolution
		Debug|Any CPU = Debug|Any CPU
		Release|Any CPU = Release|Any CPU
	EndGlobalSection
	GlobalSection(ProjectConfigurationPlatforms) = postSolution
		{07144FCD-735A-402E-A395-BCF43C44AFDE}.Debug|Any CPU.ActiveCfg = Debug|Any CPU
		{07144FCD-735A-402E-A395-BCF43C44AFDE}.Debug|Any CPU.Build.0 = Debug|Any CPU
		{07144FCD-735A-402E-A395-BCF43C44AFDE}.Release|Any CPU.ActiveCfg = Release|Any CPU
		{07144FCD-735A-402E-A395-BCF43C44AFDE}.Release|Any CPU.Build.0 = Release|Any CPU
		{91D87FF7-AEC1-4652-AF3C-306CA80EE02E}.Debug|Any CPU.ActiveCfg = Debug|Any CPU
		{91D87FF7-AEC1-4652-AF3C-306CA80EE02E}.Debug|Any CPU.Build.0 = Debug|Any CPU
		{91D87FF7-AEC1-4652-AF3C-306CA80EE02E}.Release|Any CPU.ActiveCfg = Release|Any CPU
		{91D87FF7-AEC1-4652-AF3C-306CA80EE02E}.Release|Any CPU.Build.0 = Release|Any CPU
		{44AA7D03-F933-4BA4-B7E1-F386CD2029A2}.Debug|Any CPU.ActiveCfg = Debug|Any CPU
		{44AA7D03-F933-4BA4-B7E1-F386CD2029A2}.Debug|Any CPU.Build.0 = Debug|Any CPU
		{44AA7D03-F933-4BA4-B7E1-F386CD2029A2}.Release|Any CPU.ActiveCfg = Release|Any CPU
		{44AA7D03-F933-4BA4-B7E1-F386CD2029A2}.Release|Any CPU.Build.0 = Release|Any CPU
	EndGlobalSection
	GlobalSection(SolutionProperties) = preSolution
		HideSolutionNode = FALSE
	EndGlobalSection
	GlobalSection(NestedProjects) = preSolution
		{07144FCD-735A-402E-A395-BCF43C44AFDE} = {88A2B2BB-5E06-4192-895D-371C18E2BF68}
		{91D87FF7-AEC1-4652-AF3C-306CA80EE02E} = {60913538-EBD5-48C1-95AF-B85D4F7978EB}
	EndGlobalSection
	GlobalSection(ExtensibilityGlobals) = postSolution
		SolutionGuid = {EAE26D0B-8DBF-48CB-A36C-0A59805A6067}
	EndGlobalSection
EndGlobal
